// !$*UTF8*$!
{
	archiveVersion = 1;
	classes = {
	};
	objectVersion = 55;
	objects = {

/* Begin PBXBuildFile section */
		AA678D0F2888F53800EBF98D /* AppDelegate.swift in Sources */ = {isa = PBXBuildFile; fileRef = AA678D0E2888F53800EBF98D /* AppDelegate.swift */; };
		AA678D112888F53800EBF98D /* SceneDelegate.swift in Sources */ = {isa = PBXBuildFile; fileRef = AA678D102888F53800EBF98D /* SceneDelegate.swift */; };
		AA678D132888F53800EBF98D /* ViewController.swift in Sources */ = {isa = PBXBuildFile; fileRef = AA678D122888F53800EBF98D /* ViewController.swift */; };
		AA678D162888F53800EBF98D /* Main.storyboard in Resources */ = {isa = PBXBuildFile; fileRef = AA678D142888F53800EBF98D /* Main.storyboard */; };
		AA678D182888F53800EBF98D /* Assets.xcassets in Resources */ = {isa = PBXBuildFile; fileRef = AA678D172888F53800EBF98D /* Assets.xcassets */; };
		AA678D1B2888F53800EBF98D /* LaunchScreen.storyboard in Resources */ = {isa = PBXBuildFile; fileRef = AA678D192888F53800EBF98D /* LaunchScreen.storyboard */; };
		AA678D262888F53900EBF98D /* GT1000Tests.swift in Sources */ = {isa = PBXBuildFile; fileRef = AA678D252888F53900EBF98D /* GT1000Tests.swift */; };
		AA678D302888F53900EBF98D /* GT1000UITests.swift in Sources */ = {isa = PBXBuildFile; fileRef = AA678D2F2888F53900EBF98D /* GT1000UITests.swift */; };
		AA678D322888F53900EBF98D /* GT1000UITestsLaunchTests.swift in Sources */ = {isa = PBXBuildFile; fileRef = AA678D312888F53900EBF98D /* GT1000UITestsLaunchTests.swift */; };
		AA678D3F2888FE1500EBF98D /* pageViewController.swift in Sources */ = {isa = PBXBuildFile; fileRef = AA678D3E2888FE1500EBF98D /* pageViewController.swift */; };
/* End PBXBuildFile section */

/* Begin PBXContainerItemProxy section */
		AA678D222888F53900EBF98D /* PBXContainerItemProxy */ = {
			isa = PBXContainerItemProxy;
			containerPortal = AA678D032888F53800EBF98D /* Project object */;
			proxyType = 1;
			remoteGlobalIDString = AA678D0A2888F53800EBF98D;
			remoteInfo = GT1000;
		};
		AA678D2C2888F53900EBF98D /* PBXContainerItemProxy */ = {
			isa = PBXContainerItemProxy;
			containerPortal = AA678D032888F53800EBF98D /* Project object */;
			proxyType = 1;
			remoteGlobalIDString = AA678D0A2888F53800EBF98D;
			remoteInfo = GT1000;
		};
/* End PBXContainerItemProxy section */

/* Begin PBXFileReference section */
		AA678D0B2888F53800EBF98D /* GT1000.app */ = {isa = PBXFileReference; explicitFileType = wrapper.application; includeInIndex = 0; path = GT1000.app; sourceTree = BUILT_PRODUCTS_DIR; };
		AA678D0E2888F53800EBF98D /* AppDelegate.swift */ = {isa = PBXFileReference; lastKnownFileType = sourcecode.swift; path = AppDelegate.swift; sourceTree = "<group>"; };
		AA678D102888F53800EBF98D /* SceneDelegate.swift */ = {isa = PBXFileReference; lastKnownFileType = sourcecode.swift; path = SceneDelegate.swift; sourceTree = "<group>"; };
		AA678D122888F53800EBF98D /* ViewController.swift */ = {isa = PBXFileReference; lastKnownFileType = sourcecode.swift; path = ViewController.swift; sourceTree = "<group>"; };
		AA678D152888F53800EBF98D /* Base */ = {isa = PBXFileReference; lastKnownFileType = file.storyboard; name = Base; path = Base.lproj/Main.storyboard; sourceTree = "<group>"; };
		AA678D172888F53800EBF98D /* Assets.xcassets */ = {isa = PBXFileReference; lastKnownFileType = folder.assetcatalog; path = Assets.xcassets; sourceTree = "<group>"; };
		AA678D1A2888F53800EBF98D /* Base */ = {isa = PBXFileReference; lastKnownFileType = file.storyboard; name = Base; path = Base.lproj/LaunchScreen.storyboard; sourceTree = "<group>"; };
		AA678D1C2888F53800EBF98D /* Info.plist */ = {isa = PBXFileReference; lastKnownFileType = text.plist.xml; path = Info.plist; sourceTree = "<group>"; };
		AA678D212888F53900EBF98D /* GT1000Tests.xctest */ = {isa = PBXFileReference; explicitFileType = wrapper.cfbundle; includeInIndex = 0; path = GT1000Tests.xctest; sourceTree = BUILT_PRODUCTS_DIR; };
		AA678D252888F53900EBF98D /* GT1000Tests.swift */ = {isa = PBXFileReference; lastKnownFileType = sourcecode.swift; path = GT1000Tests.swift; sourceTree = "<group>"; };
		AA678D2B2888F53900EBF98D /* GT1000UITests.xctest */ = {isa = PBXFileReference; explicitFileType = wrapper.cfbundle; includeInIndex = 0; path = GT1000UITests.xctest; sourceTree = BUILT_PRODUCTS_DIR; };
		AA678D2F2888F53900EBF98D /* GT1000UITests.swift */ = {isa = PBXFileReference; lastKnownFileType = sourcecode.swift; path = GT1000UITests.swift; sourceTree = "<group>"; };
		AA678D312888F53900EBF98D /* GT1000UITestsLaunchTests.swift */ = {isa = PBXFileReference; lastKnownFileType = sourcecode.swift; path = GT1000UITestsLaunchTests.swift; sourceTree = "<group>"; };
		AA678D3E2888FE1500EBF98D /* pageViewController.swift */ = {isa = PBXFileReference; lastKnownFileType = sourcecode.swift; path = pageViewController.swift; sourceTree = "<group>"; };
/* End PBXFileReference section */

/* Begin PBXFrameworksBuildPhase section */
		AA678D082888F53800EBF98D /* Frameworks */ = {
			isa = PBXFrameworksBuildPhase;
			buildActionMask = 2147483647;
			files = (
			);
			runOnlyForDeploymentPostprocessing = 0;
		};
		AA678D1E2888F53900EBF98D /* Frameworks */ = {
			isa = PBXFrameworksBuildPhase;
			buildActionMask = 2147483647;
			files = (
			);
			runOnlyForDeploymentPostprocessing = 0;
		};
		AA678D282888F53900EBF98D /* Frameworks */ = {
			isa = PBXFrameworksBuildPhase;
			buildActionMask = 2147483647;
			files = (
			);
			runOnlyForDeploymentPostprocessing = 0;
		};
/* End PBXFrameworksBuildPhase section */

/* Begin PBXGroup section */
		AA678D022888F53800EBF98D = {
			isa = PBXGroup;
			children = (
				AA678D0D2888F53800EBF98D /* GT1000 */,
				AA678D242888F53900EBF98D /* GT1000Tests */,
				AA678D2E2888F53900EBF98D /* GT1000UITests */,
				AA678D0C2888F53800EBF98D /* Products */,
			);
			sourceTree = "<group>";
		};
		AA678D0C2888F53800EBF98D /* Products */ = {
			isa = PBXGroup;
			children = (
				AA678D0B2888F53800EBF98D /* GT1000.app */,
				AA678D212888F53900EBF98D /* GT1000Tests.xctest */,
				AA678D2B2888F53900EBF98D /* GT1000UITests.xctest */,
			);
			name = Products;
			sourceTree = "<group>";
		};
		AA678D0D2888F53800EBF98D /* GT1000 */ = {
			isa = PBXGroup;
			children = (
				AA678D0E2888F53800EBF98D /* AppDelegate.swift */,
				AA678D102888F53800EBF98D /* SceneDelegate.swift */,
				AA678D122888F53800EBF98D /* ViewController.swift */,
				AA678D142888F53800EBF98D /* Main.storyboard */,
				AA678D3E2888FE1500EBF98D /* pageViewController.swift */,
				AA678D172888F53800EBF98D /* Assets.xcassets */,
				AA678D192888F53800EBF98D /* LaunchScreen.storyboard */,
				AA678D1C2888F53800EBF98D /* Info.plist */,
			);
			path = GT1000;
			sourceTree = "<group>";
		};
		AA678D242888F53900EBF98D /* GT1000Tests */ = {
			isa = PBXGroup;
			children = (
				AA678D252888F53900EBF98D /* GT1000Tests.swift */,
			);
			path = GT1000Tests;
			sourceTree = "<group>";
		};
		AA678D2E2888F53900EBF98D /* GT1000UITests */ = {
			isa = PBXGroup;
			children = (
				AA678D2F2888F53900EBF98D /* GT1000UITests.swift */,
				AA678D312888F53900EBF98D /* GT1000UITestsLaunchTests.swift */,
			);
			path = GT1000UITests;
			sourceTree = "<group>";
		};
/* End PBXGroup section */

/* Begin PBXNativeTarget section */
		AA678D0A2888F53800EBF98D /* GT1000 */ = {
			isa = PBXNativeTarget;
			buildConfigurationList = AA678D352888F53900EBF98D /* Build configuration list for PBXNativeTarget "GT1000" */;
			buildPhases = (
				AA678D072888F53800EBF98D /* Sources */,
				AA678D082888F53800EBF98D /* Frameworks */,
				AA678D092888F53800EBF98D /* Resources */,
			);
			buildRules = (
			);
			dependencies = (
			);
			name = GT1000;
			productName = GT1000;
			productReference = AA678D0B2888F53800EBF98D /* GT1000.app */;
			productType = "com.apple.product-type.application";
		};
		AA678D202888F53900EBF98D /* GT1000Tests */ = {
			isa = PBXNativeTarget;
			buildConfigurationList = AA678D382888F53900EBF98D /* Build configuration list for PBXNativeTarget "GT1000Tests" */;
			buildPhases = (
				AA678D1D2888F53900EBF98D /* Sources */,
				AA678D1E2888F53900EBF98D /* Frameworks */,
				AA678D1F2888F53900EBF98D /* Resources */,
			);
			buildRules = (
			);
			dependencies = (
				AA678D232888F53900EBF98D /* PBXTargetDependency */,
			);
			name = GT1000Tests;
			productName = GT1000Tests;
			productReference = AA678D212888F53900EBF98D /* GT1000Tests.xctest */;
			productType = "com.apple.product-type.bundle.unit-test";
		};
		AA678D2A2888F53900EBF98D /* GT1000UITests */ = {
			isa = PBXNativeTarget;
			buildConfigurationList = AA678D3B2888F53900EBF98D /* Build configuration list for PBXNativeTarget "GT1000UITests" */;
			buildPhases = (
				AA678D272888F53900EBF98D /* Sources */,
				AA678D282888F53900EBF98D /* Frameworks */,
				AA678D292888F53900EBF98D /* Resources */,
			);
			buildRules = (
			);
			dependencies = (
				AA678D2D2888F53900EBF98D /* PBXTargetDependency */,
			);
			name = GT1000UITests;
			productName = GT1000UITests;
			productReference = AA678D2B2888F53900EBF98D /* GT1000UITests.xctest */;
			productType = "com.apple.product-type.bundle.ui-testing";
		};
/* End PBXNativeTarget section */

/* Begin PBXProject section */
		AA678D032888F53800EBF98D /* Project object */ = {
			isa = PBXProject;
			attributes = {
				BuildIndependentTargetsInParallel = 1;
				LastSwiftUpdateCheck = 1340;
				LastUpgradeCheck = 1340;
				TargetAttributes = {
					AA678D0A2888F53800EBF98D = {
						CreatedOnToolsVersion = 13.4.1;
					};
					AA678D202888F53900EBF98D = {
						CreatedOnToolsVersion = 13.4.1;
						TestTargetID = AA678D0A2888F53800EBF98D;
					};
					AA678D2A2888F53900EBF98D = {
						CreatedOnToolsVersion = 13.4.1;
						TestTargetID = AA678D0A2888F53800EBF98D;
					};
				};
			};
			buildConfigurationList = AA678D062888F53800EBF98D /* Build configuration list for PBXProject "GT1000" */;
			compatibilityVersion = "Xcode 13.0";
			developmentRegion = en;
			hasScannedForEncodings = 0;
			knownRegions = (
				en,
				Base,
			);
			mainGroup = AA678D022888F53800EBF98D;
			productRefGroup = AA678D0C2888F53800EBF98D /* Products */;
			projectDirPath = "";
			projectRoot = "";
			targets = (
				AA678D0A2888F53800EBF98D /* GT1000 */,
				AA678D202888F53900EBF98D /* GT1000Tests */,
				AA678D2A2888F53900EBF98D /* GT1000UITests */,
			);
		};
/* End PBXProject section */

/* Begin PBXResourcesBuildPhase section */
		AA678D092888F53800EBF98D /* Resources */ = {
			isa = PBXResourcesBuildPhase;
			buildActionMask = 2147483647;
			files = (
				AA678D1B2888F53800EBF98D /* LaunchScreen.storyboard in Resources */,
				AA678D182888F53800EBF98D /* Assets.xcassets in Resources */,
				AA678D162888F53800EBF98D /* Main.storyboard in Resources */,
			);
			runOnlyForDeploymentPostprocessing = 0;
		};
		AA678D1F2888F53900EBF98D /* Resources */ = {
			isa = PBXResourcesBuildPhase;
			buildActionMask = 2147483647;
			files = (
			);
			runOnlyForDeploymentPostprocessing = 0;
		};
		AA678D292888F53900EBF98D /* Resources */ = {
			isa = PBXResourcesBuildPhase;
			buildActionMask = 2147483647;
			files = (
			);
			runOnlyForDeploymentPostprocessing = 0;
		};
/* End PBXResourcesBuildPhase section */

/* Begin PBXSourcesBuildPhase section */
		AA678D072888F53800EBF98D /* Sources */ = {
			isa = PBXSourcesBuildPhase;
			buildActionMask = 2147483647;
			files = (
				AA678D132888F53800EBF98D /* ViewController.swift in Sources */,
				AA678D0F2888F53800EBF98D /* AppDelegate.swift in Sources */,
				AA678D112888F53800EBF98D /* SceneDelegate.swift in Sources */,
				AA678D3F2888FE1500EBF98D /* pageViewController.swift in Sources */,
			);
			runOnlyForDeploymentPostprocessing = 0;
		};
		AA678D1D2888F53900EBF98D /* Sources */ = {
			isa = PBXSourcesBuildPhase;
			buildActionMask = 2147483647;
			files = (
				AA678D262888F53900EBF98D /* GT1000Tests.swift in Sources */,
			);
			runOnlyForDeploymentPostprocessing = 0;
		};
		AA678D272888F53900EBF98D /* Sources */ = {
			isa = PBXSourcesBuildPhase;
			buildActionMask = 2147483647;
			files = (
				AA678D322888F53900EBF98D /* GT1000UITestsLaunchTests.swift in Sources */,
				AA678D302888F53900EBF98D /* GT1000UITests.swift in Sources */,
			);
			runOnlyForDeploymentPostprocessing = 0;
		};
/* End PBXSourcesBuildPhase section */

/* Begin PBXTargetDependency section */
		AA678D232888F53900EBF98D /* PBXTargetDependency */ = {
			isa = PBXTargetDependency;
			target = AA678D0A2888F53800EBF98D /* GT1000 */;
			targetProxy = AA678D222888F53900EBF98D /* PBXContainerItemProxy */;
		};
		AA678D2D2888F53900EBF98D /* PBXTargetDependency */ = {
			isa = PBXTargetDependency;
			target = AA678D0A2888F53800EBF98D /* GT1000 */;
			targetProxy = AA678D2C2888F53900EBF98D /* PBXContainerItemProxy */;
		};
/* End PBXTargetDependency section */

/* Begin PBXVariantGroup section */
		AA678D142888F53800EBF98D /* Main.storyboard */ = {
			isa = PBXVariantGroup;
			children = (
				AA678D152888F53800EBF98D /* Base */,
			);
			name = Main.storyboard;
			sourceTree = "<group>";
		};
		AA678D192888F53800EBF98D /* LaunchScreen.storyboard */ = {
			isa = PBXVariantGroup;
			children = (
				AA678D1A2888F53800EBF98D /* Base */,
			);
			name = LaunchScreen.storyboard;
			sourceTree = "<group>";
		};
/* End PBXVariantGroup section */

/* Begin XCBuildConfiguration section */
		AA678D332888F53900EBF98D /* Debug */ = {
			isa = XCBuildConfiguration;
			buildSettings = {
				ALWAYS_SEARCH_USER_PATHS = NO;
				CLANG_ANALYZER_NONNULL = YES;
				CLANG_ANALYZER_NUMBER_OBJECT_CONVERSION = YES_AGGRESSIVE;
				CLANG_CXX_LANGUAGE_STANDARD = "gnu++17";
				CLANG_ENABLE_MODULES = YES;
				CLANG_ENABLE_OBJC_ARC = YES;
				CLANG_ENABLE_OBJC_WEAK = YES;
				CLANG_WARN_BLOCK_CAPTURE_AUTORELEASING = YES;
				CLANG_WARN_BOOL_CONVERSION = YES;
				CLANG_WARN_COMMA = YES;
				CLANG_WARN_CONSTANT_CONVERSION = YES;
				CLANG_WARN_DEPRECATED_OBJC_IMPLEMENTATIONS = YES;
				CLANG_WARN_DIRECT_OBJC_ISA_USAGE = YES_ERROR;
				CLANG_WARN_DOCUMENTATION_COMMENTS = YES;
				CLANG_WARN_EMPTY_BODY = YES;
				CLANG_WARN_ENUM_CONVERSION = YES;
				CLANG_WARN_INFINITE_RECURSION = YES;
				CLANG_WARN_INT_CONVERSION = YES;
				CLANG_WARN_NON_LITERAL_NULL_CONVERSION = YES;
				CLANG_WARN_OBJC_IMPLICIT_RETAIN_SELF = YES;
				CLANG_WARN_OBJC_LITERAL_CONVERSION = YES;
				CLANG_WARN_OBJC_ROOT_CLASS = YES_ERROR;
				CLANG_WARN_QUOTED_INCLUDE_IN_FRAMEWORK_HEADER = YES;
				CLANG_WARN_RANGE_LOOP_ANALYSIS = YES;
				CLANG_WARN_STRICT_PROTOTYPES = YES;
				CLANG_WARN_SUSPICIOUS_MOVE = YES;
				CLANG_WARN_UNGUARDED_AVAILABILITY = YES_AGGRESSIVE;
				CLANG_WARN_UNREACHABLE_CODE = YES;
				CLANG_WARN__DUPLICATE_METHOD_MATCH = YES;
				COPY_PHASE_STRIP = NO;
				DEBUG_INFORMATION_FORMAT = dwarf;
				ENABLE_STRICT_OBJC_MSGSEND = YES;
				ENABLE_TESTABILITY = YES;
				GCC_C_LANGUAGE_STANDARD = gnu11;
				GCC_DYNAMIC_NO_PIC = NO;
				GCC_NO_COMMON_BLOCKS = YES;
				GCC_OPTIMIZATION_LEVEL = 0;
				GCC_PREPROCESSOR_DEFINITIONS = (
					"DEBUG=1",
					"$(inherited)",
				);
				GCC_WARN_64_TO_32_BIT_CONVERSION = YES;
				GCC_WARN_ABOUT_RETURN_TYPE = YES_ERROR;
				GCC_WARN_UNDECLARED_SELECTOR = YES;
				GCC_WARN_UNINITIALIZED_AUTOS = YES_AGGRESSIVE;
				GCC_WARN_UNUSED_FUNCTION = YES;
				GCC_WARN_UNUSED_VARIABLE = YES;
				IPHONEOS_DEPLOYMENT_TARGET = 15.5;
				MTL_ENABLE_DEBUG_INFO = INCLUDE_SOURCE;
				MTL_FAST_MATH = YES;
				ONLY_ACTIVE_ARCH = YES;
				SDKROOT = iphoneos;
				SWIFT_ACTIVE_COMPILATION_CONDITIONS = DEBUG;
				SWIFT_OPTIMIZATION_LEVEL = "-Onone";
			};
			name = Debug;
		};
		AA678D342888F53900EBF98D /* Release */ = {
			isa = XCBuildConfiguration;
			buildSettings = {
				ALWAYS_SEARCH_USER_PATHS = NO;
				CLANG_ANALYZER_NONNULL = YES;
				CLANG_ANALYZER_NUMBER_OBJECT_CONVERSION = YES_AGGRESSIVE;
				CLANG_CXX_LANGUAGE_STANDARD = "gnu++17";
				CLANG_ENABLE_MODULES = YES;
				CLANG_ENABLE_OBJC_ARC = YES;
				CLANG_ENABLE_OBJC_WEAK = YES;
				CLANG_WARN_BLOCK_CAPTURE_AUTORELEASING = YES;
				CLANG_WARN_BOOL_CONVERSION = YES;
				CLANG_WARN_COMMA = YES;
				CLANG_WARN_CONSTANT_CONVERSION = YES;
				CLANG_WARN_DEPRECATED_OBJC_IMPLEMENTATIONS = YES;
				CLANG_WARN_DIRECT_OBJC_ISA_USAGE = YES_ERROR;
				CLANG_WARN_DOCUMENTATION_COMMENTS = YES;
				CLANG_WARN_EMPTY_BODY = YES;
				CLANG_WARN_ENUM_CONVERSION = YES;
				CLANG_WARN_INFINITE_RECURSION = YES;
				CLANG_WARN_INT_CONVERSION = YES;
				CLANG_WARN_NON_LITERAL_NULL_CONVERSION = YES;
				CLANG_WARN_OBJC_IMPLICIT_RETAIN_SELF = YES;
				CLANG_WARN_OBJC_LITERAL_CONVERSION = YES;
				CLANG_WARN_OBJC_ROOT_CLASS = YES_ERROR;
				CLANG_WARN_QUOTED_INCLUDE_IN_FRAMEWORK_HEADER = YES;
				CLANG_WARN_RANGE_LOOP_ANALYSIS = YES;
				CLANG_WARN_STRICT_PROTOTYPES = YES;
				CLANG_WARN_SUSPICIOUS_MOVE = YES;
				CLANG_WARN_UNGUARDED_AVAILABILITY = YES_AGGRESSIVE;
				CLANG_WARN_UNREACHABLE_CODE = YES;
				CLANG_WARN__DUPLICATE_METHOD_MATCH = YES;
				COPY_PHASE_STRIP = NO;
				DEBUG_INFORMATION_FORMAT = "dwarf-with-dsym";
				ENABLE_NS_ASSERTIONS = NO;
				ENABLE_STRICT_OBJC_MSGSEND = YES;
				GCC_C_LANGUAGE_STANDARD = gnu11;
				GCC_NO_COMMON_BLOCKS = YES;
				GCC_WARN_64_TO_32_BIT_CONVERSION = YES;
				GCC_WARN_ABOUT_RETURN_TYPE = YES_ERROR;
				GCC_WARN_UNDECLARED_SELECTOR = YES;
				GCC_WARN_UNINITIALIZED_AUTOS = YES_AGGRESSIVE;
				GCC_WARN_UNUSED_FUNCTION = YES;
				GCC_WARN_UNUSED_VARIABLE = YES;
				IPHONEOS_DEPLOYMENT_TARGET = 15.5;
				MTL_ENABLE_DEBUG_INFO = NO;
				MTL_FAST_MATH = YES;
				SDKROOT = iphoneos;
				SWIFT_COMPILATION_MODE = wholemodule;
				SWIFT_OPTIMIZATION_LEVEL = "-O";
				VALIDATE_PRODUCT = YES;
			};
			name = Release;
		};
		AA678D362888F53900EBF98D /* Debug */ = {
			isa = XCBuildConfiguration;
			buildSettings = {
				ASSETCATALOG_COMPILER_APPICON_NAME = AppIcon;
				ASSETCATALOG_COMPILER_GLOBAL_ACCENT_COLOR_NAME = AccentColor;
				CODE_SIGN_STYLE = Automatic;
				CURRENT_PROJECT_VERSION = 1;
				DEVELOPMENT_TEAM = 7YKH63FYPP;
				GENERATE_INFOPLIST_FILE = YES;
				INFOPLIST_FILE = GT1000/Info.plist;
				INFOPLIST_KEY_UIApplicationSupportsIndirectInputEvents = YES;
				INFOPLIST_KEY_UILaunchStoryboardName = LaunchScreen;
				INFOPLIST_KEY_UIMainStoryboardFile = Main;
				INFOPLIST_KEY_UISupportedInterfaceOrientations_iPad = "UIInterfaceOrientationPortrait UIInterfaceOrientationPortraitUpsideDown UIInterfaceOrientationLandscapeLeft UIInterfaceOrientationLandscapeRight";
				INFOPLIST_KEY_UISupportedInterfaceOrientations_iPhone = "UIInterfaceOrientationPortrait UIInterfaceOrientationLandscapeLeft UIInterfaceOrientationLandscapeRight";
				LD_RUNPATH_SEARCH_PATHS = (
					"$(inherited)",
					"@executable_path/Frameworks",
				);
				MARKETING_VERSION = 1.0;
				PRODUCT_BUNDLE_IDENTIFIER = EDEV.GT1000;
				PRODUCT_NAME = "$(TARGET_NAME)";
				SWIFT_EMIT_LOC_STRINGS = YES;
				SWIFT_VERSION = 5.0;
				TARGETED_DEVICE_FAMILY = "1,2";
			};
			name = Debug;
		};
		AA678D372888F53900EBF98D /* Release */ = {
			isa = XCBuildConfiguration;
			buildSettings = {
				ASSETCATALOG_COMPILER_APPICON_NAME = AppIcon;
				ASSETCATALOG_COMPILER_GLOBAL_ACCENT_COLOR_NAME = AccentColor;
				CODE_SIGN_STYLE = Automatic;
				CURRENT_PROJECT_VERSION = 1;
				DEVELOPMENT_TEAM = 7YKH63FYPP;
				GENERATE_INFOPLIST_FILE = YES;
				INFOPLIST_FILE = GT1000/Info.plist;
				INFOPLIST_KEY_UIApplicationSupportsIndirectInputEvents = YES;
				INFOPLIST_KEY_UILaunchStoryboardName = LaunchScreen;
				INFOPLIST_KEY_UIMainStoryboardFile = Main;
				INFOPLIST_KEY_UISupportedInterfaceOrientations_iPad = "UIInterfaceOrientationPortrait UIInterfaceOrientationPortraitUpsideDown UIInterfaceOrientationLandscapeLeft UIInterfaceOrientationLandscapeRight";
				INFOPLIST_KEY_UISupportedInterfaceOrientations_iPhone = "UIInterfaceOrientationPortrait UIInterfaceOrientationLandscapeLeft UIInterfaceOrientationLandscapeRight";
				LD_RUNPATH_SEARCH_PATHS = (
					"$(inherited)",
					"@executable_path/Frameworks",
				);
				MARKETING_VERSION = 1.0;
				PRODUCT_BUNDLE_IDENTIFIER = EDEV.GT1000;
				PRODUCT_NAME = "$(TARGET_NAME)";
				SWIFT_EMIT_LOC_STRINGS = YES;
				SWIFT_VERSION = 5.0;
				TARGETED_DEVICE_FAMILY = "1,2";
			};
			name = Release;
		};
		AA678D392888F53900EBF98D /* Debug */ = {
			isa = XCBuildConfiguration;
			buildSettings = {
				ALWAYS_EMBED_SWIFT_STANDARD_LIBRARIES = YES;
				BUNDLE_LOADER = "$(TEST_HOST)";
				CODE_SIGN_STYLE = Automatic;
				CURRENT_PROJECT_VERSION = 1;
				DEVELOPMENT_TEAM = 7YKH63FYPP;
				GENERATE_INFOPLIST_FILE = YES;
				IPHONEOS_DEPLOYMENT_TARGET = 15.5;
				MARKETING_VERSION = 1.0;
				PRODUCT_BUNDLE_IDENTIFIER = EDEV.GT1000Tests;
				PRODUCT_NAME = "$(TARGET_NAME)";
				SWIFT_EMIT_LOC_STRINGS = NO;
				SWIFT_VERSION = 5.0;
				TARGETED_DEVICE_FAMILY = "1,2";
				TEST_HOST = "$(BUILT_PRODUCTS_DIR)/GT1000.app/GT1000";
			};
			name = Debug;
		};
		AA678D3A2888F53900EBF98D /* Release */ = {
			isa = XCBuildConfiguration;
			buildSettings = {
				ALWAYS_EMBED_SWIFT_STANDARD_LIBRARIES = YES;
				BUNDLE_LOADER = "$(TEST_HOST)";
				CODE_SIGN_STYLE = Automatic;
				CURRENT_PROJECT_VERSION = 1;
				DEVELOPMENT_TEAM = 7YKH63FYPP;
				GENERATE_INFOPLIST_FILE = YES;
				IPHONEOS_DEPLOYMENT_TARGET = 15.5;
				MARKETING_VERSION = 1.0;
				PRODUCT_BUNDLE_IDENTIFIER = EDEV.GT1000Tests;
				PRODUCT_NAME = "$(TARGET_NAME)";
				SWIFT_EMIT_LOC_STRINGS = NO;
				SWIFT_VERSION = 5.0;
				TARGETED_DEVICE_FAMILY = "1,2";
				TEST_HOST = "$(BUILT_PRODUCTS_DIR)/GT1000.app/GT1000";
			};
			name = Release;
		};
		AA678D3C2888F53900EBF98D /* Debug */ = {
			isa = XCBuildConfiguration;
			buildSettings = {
				ALWAYS_EMBED_SWIFT_STANDARD_LIBRARIES = YES;
				CODE_SIGN_STYLE = Automatic;
				CURRENT_PROJECT_VERSION = 1;
				DEVELOPMENT_TEAM = 7YKH63FYPP;
				GENERATE_INFOPLIST_FILE = YES;
				MARKETING_VERSION = 1.0;
				PRODUCT_BUNDLE_IDENTIFIER = EDEV.GT1000UITests;
				PRODUCT_NAME = "$(TARGET_NAME)";
				SWIFT_EMIT_LOC_STRINGS = NO;
				SWIFT_VERSION = 5.0;
				TARGETED_DEVICE_FAMILY = "1,2";
				TEST_TARGET_NAME = GT1000;
			};
			name = Debug;
		};
		AA678D3D2888F53900EBF98D /* Release */ = {
			isa = XCBuildConfiguration;
			buildSettings = {
				ALWAYS_EMBED_SWIFT_STANDARD_LIBRARIES = YES;
				CODE_SIGN_STYLE = Automatic;
				CURRENT_PROJECT_VERSION = 1;
				DEVELOPMENT_TEAM = 7YKH63FYPP;
				GENERATE_INFOPLIST_FILE = YES;
				MARKETING_VERSION = 1.0;
				PRODUCT_BUNDLE_IDENTIFIER = EDEV.GT1000UITests;
				PRODUCT_NAME = "$(TARGET_NAME)";
				SWIFT_EMIT_LOC_STRINGS = NO;
				SWIFT_VERSION = 5.0;
				TARGETED_DEVICE_FAMILY = "1,2";
				TEST_TARGET_NAME = GT1000;
			};
			name = Release;
		};
/* End XCBuildConfiguration section */

/* Begin XCConfigurationList section */
		AA678D062888F53800EBF98D /* Build configuration list for PBXProject "GT1000" */ = {
			isa = XCConfigurationList;
			buildConfigurations = (
				AA678D332888F53900EBF98D /* Debug */,
				AA678D342888F53900EBF98D /* Release */,
			);
			defaultConfigurationIsVisible = 0;
			defaultConfigurationName = Release;
		};
		AA678D352888F53900EBF98D /* Build configuration list for PBXNativeTarget "GT1000" */ = {
			isa = XCConfigurationList;
			buildConfigurations = (
				AA678D362888F53900EBF98D /* Debug */,
				AA678D372888F53900EBF98D /* Release */,
			);
			defaultConfigurationIsVisible = 0;
			defaultConfigurationName = Release;
		};
		AA678D382888F53900EBF98D /* Build configuration list for PBXNativeTarget "GT1000Tests" */ = {
			isa = XCConfigurationList;
			buildConfigurations = (
				AA678D392888F53900EBF98D /* Debug */,
				AA678D3A2888F53900EBF98D /* Release */,
			);
			defaultConfigurationIsVisible = 0;
			defaultConfigurationName = Release;
		};
		AA678D3B2888F53900EBF98D /* Build configuration list for PBXNativeTarget "GT1000UITests" */ = {
			isa = XCConfigurationList;
			buildConfigurations = (
				AA678D3C2888F53900EBF98D /* Debug */,
				AA678D3D2888F53900EBF98D /* Release */,
			);
			defaultConfigurationIsVisible = 0;
			defaultConfigurationName = Release;
		};
/* End XCConfigurationList section */
	};
	rootObject = AA678D032888F53800EBF98D /* Project object */;
}
